<?xml version="1.0" encoding="utf-8"?>
<Project ToolsVersion="4.0" xmlns="http://schemas.microsoft.com/developer/msbuild/2003">
  <ItemGroup>
    <Filter Include="Source Files">
      <UniqueIdentifier>{4FC737F1-C7A5-4376-A066-2A32D752A2FF}</UniqueIdentifier>
      <Extensions>cpp;c;cc;cxx;def;odl;idl;hpj;bat;asm;asmx</Extensions>
    </Filter>
    <Filter Include="Header Files">
      <UniqueIdentifier>{93995380-89BD-4b04-88EB-625FBE52EBFB}</UniqueIdentifier>
      <Extensions>h;hpp;hxx;hm;inl;inc;xsd</Extensions>
    </Filter>
    <Filter Include="Resource Files">
      <UniqueIdentifier>{67DA6AB6-F800-4c08-8B7A-83BB121AAD01}</UniqueIdentifier>
      <Extensions>rc;ico;cur;bmp;dlg;rc2;rct;bin;rgs;gif;jpg;jpeg;jpe;resx;tiff;tif;png;wav;mfcribbon-ms</Extensions>
    </Filter>
    <Filter Include="Map">
      <UniqueIdentifier>{5a20dbd2-934e-49fc-ac4c-a826986760ec}</UniqueIdentifier>
    </Filter>
    <Filter Include="Source Files\Object">
      <UniqueIdentifier>{66196eeb-1560-4481-8c7c-72bb1a2b6cfe}</UniqueIdentifier>
    </Filter>
    <Filter Include="Header Files\Object">
      <UniqueIdentifier>{0f478ff7-b0b9-4068-a021-a55997b87f64}</UniqueIdentifier>
    </Filter>
    <Filter Include="Header Files\SMA">
      <UniqueIdentifier>{5a4db5d3-f0c5-4de4-b099-43c823a8d1a7}</UniqueIdentifier>
    </Filter>
    <Filter Include="Source Files\SMA">
      <UniqueIdentifier>{3239484d-428a-409f-9e64-6b2ac7438a46}</UniqueIdentifier>
    </Filter>
    <Filter Include="Source Files\PathFind">
      <UniqueIdentifier>{82a09658-923c-4af3-8e9f-e144c7b2cc3b}</UniqueIdentifier>
    </Filter>
    <Filter Include="Header Files\PathFind">
      <UniqueIdentifier>{b97575cc-f944-41a9-ad0d-49c731e6b539}</UniqueIdentifier>
    </Filter>
  </ItemGroup>
  <ItemGroup>
    <ClCompile Include="main.cpp">
      <Filter>Source Files</Filter>
    </ClCompile>
    <ClCompile Include="ObjectFactory.cpp">
      <Filter>Source Files</Filter>
    </ClCompile>
    <ClCompile Include="World.cpp">
      <Filter>Source Files</Filter>
    </ClCompile>
    <ClCompile Include="WallObject.cpp">
      <Filter>Source Files\Object</Filter>
    </ClCompile>
    <ClCompile Include="HeatObject.cpp">
      <Filter>Source Files\Object</Filter>
    </ClCompile>
    <ClCompile Include="WindowObject.cpp">
      <Filter>Source Files\Object</Filter>
    </ClCompile>
    <ClCompile Include="BaseObject.cpp">
      <Filter>Source Files\Object</Filter>
    </ClCompile>
    <ClCompile Include="KeyToAction.cpp">
      <Filter>Source Files</Filter>
    </ClCompile>
    <ClCompile Include="BaseWallObject.cpp">
      <Filter>Source Files\Object</Filter>
    </ClCompile>
    <ClCompile Include="Interface.cpp">
      <Filter>Source Files</Filter>
    </ClCompile>
    <ClCompile Include="Probe.cpp">
      <Filter>Source Files\Object</Filter>
    </ClCompile>
    <ClCompile Include="SMAHeat.cpp">
      <Filter>Source Files\SMA</Filter>
    </ClCompile>
    <ClCompile Include="Agent.cpp">
      <Filter>Source Files\SMA</Filter>
    </ClCompile>
    <ClCompile Include="Messages.cpp">
      <Filter>Source Files\SMA</Filter>
    </ClCompile>
    <ClCompile Include="Blackboard.cpp">
      <Filter>Source Files\SMA</Filter>
    </ClCompile>
    <ClCompile Include="ReachablePathFind.cpp">
      <Filter>Source Files\PathFind</Filter>
    </ClCompile>
    <ClCompile Include="ReachabilityCluster.cpp">
      <Filter>Source Files\SMA</Filter>
    </ClCompile>
    <ClCompile Include="LinkPathFinder.cpp">
      <Filter>Source Files\PathFind</Filter>
    </ClCompile>
    <ClCompile Include="StoneWallObject.cpp">
      <Filter>Source Files\Object</Filter>
    </ClCompile>
    <ClCompile Include="CellularAutomata.cpp">
      <Filter>Source Files</Filter>
    </ClCompile>
  </ItemGroup>
  <ItemGroup>
    <ClInclude Include="ObjectFactory.h">
      <Filter>Header Files</Filter>
    </ClInclude>
    <ClInclude Include="World.h">
      <Filter>Header Files</Filter>
    </ClInclude>
    <ClInclude Include="WallObject.h">
      <Filter>Header Files\Object</Filter>
    </ClInclude>
    <ClInclude Include="HeatObject.h">
      <Filter>Header Files\Object</Filter>
    </ClInclude>
    <ClInclude Include="WindowObject.h">
      <Filter>Header Files\Object</Filter>
    </ClInclude>
    <ClInclude Include="CellularAutomata.h">
      <Filter>Header Files</Filter>
    </ClInclude>
    <ClInclude Include="BaseObject.h">
      <Filter>Header Files\Object</Filter>
    </ClInclude>
    <ClInclude Include="AllObject.h">
      <Filter>Header Files\Object</Filter>
    </ClInclude>
    <ClInclude Include="KeyToAction.h">
      <Filter>Header Files</Filter>
    </ClInclude>
    <ClInclude Include="BaseWallObject.h">
      <Filter>Header Files\Object</Filter>
    </ClInclude>
    <ClInclude Include="Interface.h">
      <Filter>Header Files</Filter>
    </ClInclude>
    <ClInclude Include="Probe.h">
      <Filter>Header Files\Object</Filter>
    </ClInclude>
    <ClInclude Include="SMAHeat.h">
      <Filter>Header Files\SMA</Filter>
    </ClInclude>
    <ClInclude Include="Agent.h">
      <Filter>Header Files\SMA</Filter>
    </ClInclude>
    <ClInclude Include="Messages.h">
      <Filter>Header Files\SMA</Filter>
    </ClInclude>
    <ClInclude Include="Blackboard.h">
      <Filter>Header Files\SMA</Filter>
    </ClInclude>
    <ClInclude Include="Node.h">
      <Filter>Header Files\PathFind</Filter>
    </ClInclude>
    <ClInclude Include="IPathFinder.h">
      <Filter>Header Files\PathFind</Filter>
    </ClInclude>
    <ClInclude Include="ReachablePathFind.h">
      <Filter>Header Files\PathFind</Filter>
    </ClInclude>
    <ClInclude Include="ReachabilityCluster.h">
      <Filter>Header Files\SMA</Filter>
    </ClInclude>
    <ClInclude Include="Link.h">
      <Filter>Header Files\SMA</Filter>
    </ClInclude>
    <ClInclude Include="LinkPathFinder.h">
      <Filter>Header Files\PathFind</Filter>
    </ClInclude>
    <ClInclude Include="StoneWallObject.h">
      <Filter>Header Files\Object</Filter>
    </ClInclude>
    <ClInclude Include="Utils.h">
      <Filter>Header Files</Filter>
    </ClInclude>
  </ItemGroup>
  <ItemGroup>
    <None Include="..\Map\BaseMap.map">
      <Filter>Map</Filter>
    </None>
  </ItemGroup>
</Project>