// !$*UTF8*$!
{
	archiveVersion = 1;
	classes = {
	};
	objectVersion = 46;
	objects = {

/* Begin PBXBuildFile section */
		2E7EF8A71788776A003F7E08 /* Agent.cpp in Sources */ = {isa = PBXBuildFile; fileRef = 2E7EF8791788776A003F7E08 /* Agent.cpp */; };
		2E7EF8A81788776A003F7E08 /* BaseObject.cpp in Sources */ = {isa = PBXBuildFile; fileRef = 2E7EF87C1788776A003F7E08 /* BaseObject.cpp */; };
		2E7EF8A91788776A003F7E08 /* BaseWallObject.cpp in Sources */ = {isa = PBXBuildFile; fileRef = 2E7EF87E1788776A003F7E08 /* BaseWallObject.cpp */; };
		2E7EF8AA1788776A003F7E08 /* Blackboard.cpp in Sources */ = {isa = PBXBuildFile; fileRef = 2E7EF8801788776A003F7E08 /* Blackboard.cpp */; };
		2E7EF8AB1788776A003F7E08 /* CellularAutomata.cpp in Sources */ = {isa = PBXBuildFile; fileRef = 2E7EF8821788776A003F7E08 /* CellularAutomata.cpp */; };
		2E7EF8AC1788776A003F7E08 /* HeatObject.cpp in Sources */ = {isa = PBXBuildFile; fileRef = 2E7EF8841788776A003F7E08 /* HeatObject.cpp */; };
		2E7EF8AD1788776A003F7E08 /* Interface.cpp in Sources */ = {isa = PBXBuildFile; fileRef = 2E7EF8861788776A003F7E08 /* Interface.cpp */; };
		2E7EF8AE1788776A003F7E08 /* KeyToAction.cpp in Sources */ = {isa = PBXBuildFile; fileRef = 2E7EF8891788776A003F7E08 /* KeyToAction.cpp */; };
		2E7EF8AF1788776A003F7E08 /* LinkPathFinder.cpp in Sources */ = {isa = PBXBuildFile; fileRef = 2E7EF88C1788776A003F7E08 /* LinkPathFinder.cpp */; };
		2E7EF8B01788776A003F7E08 /* main.cpp in Sources */ = {isa = PBXBuildFile; fileRef = 2E7EF88E1788776A003F7E08 /* main.cpp */; };
		2E7EF8B11788776A003F7E08 /* Messages.cpp in Sources */ = {isa = PBXBuildFile; fileRef = 2E7EF88F1788776A003F7E08 /* Messages.cpp */; };
		2E7EF8B21788776A003F7E08 /* ObjectFactory.cpp in Sources */ = {isa = PBXBuildFile; fileRef = 2E7EF8921788776A003F7E08 /* ObjectFactory.cpp */; };
		2E7EF8B31788776A003F7E08 /* Physics.cpp in Sources */ = {isa = PBXBuildFile; fileRef = 2E7EF8941788776A003F7E08 /* Physics.cpp */; };
		2E7EF8B41788776A003F7E08 /* Probe.cpp in Sources */ = {isa = PBXBuildFile; fileRef = 2E7EF8961788776A003F7E08 /* Probe.cpp */; };
		2E7EF8B51788776A003F7E08 /* ReachabilityCluster.cpp in Sources */ = {isa = PBXBuildFile; fileRef = 2E7EF8981788776A003F7E08 /* ReachabilityCluster.cpp */; };
		2E7EF8B61788776A003F7E08 /* ReachablePathFind.cpp in Sources */ = {isa = PBXBuildFile; fileRef = 2E7EF89A1788776A003F7E08 /* ReachablePathFind.cpp */; };
		2E7EF8B71788776A003F7E08 /* SMAHeat.cpp in Sources */ = {isa = PBXBuildFile; fileRef = 2E7EF89C1788776A003F7E08 /* SMAHeat.cpp */; };
		2E7EF8B81788776A003F7E08 /* StoneWallObject.cpp in Sources */ = {isa = PBXBuildFile; fileRef = 2E7EF89E1788776A003F7E08 /* StoneWallObject.cpp */; };
		2E7EF8B91788776A003F7E08 /* WallObject.cpp in Sources */ = {isa = PBXBuildFile; fileRef = 2E7EF8A11788776A003F7E08 /* WallObject.cpp */; };
		2E7EF8BA1788776A003F7E08 /* WindowObject.cpp in Sources */ = {isa = PBXBuildFile; fileRef = 2E7EF8A31788776A003F7E08 /* WindowObject.cpp */; };
		2E7EF8BB1788776A003F7E08 /* World.cpp in Sources */ = {isa = PBXBuildFile; fileRef = 2E7EF8A51788776A003F7E08 /* World.cpp */; };
/* End PBXBuildFile section */

/* Begin PBXFileReference section */
		2E73A99D178870F800EB18C9 /* Simulator */ = {isa = PBXFileReference; explicitFileType = "compiled.mach-o.executable"; includeInIndex = 0; path = Simulator; sourceTree = BUILT_PRODUCTS_DIR; };
		2E7EF8791788776A003F7E08 /* Agent.cpp */ = {isa = PBXFileReference; fileEncoding = 4; lastKnownFileType = sourcecode.cpp.cpp; name = Agent.cpp; path = CellularAutomata/Agent.cpp; sourceTree = SOURCE_ROOT; };
		2E7EF87A1788776A003F7E08 /* Agent.h */ = {isa = PBXFileReference; fileEncoding = 4; lastKnownFileType = sourcecode.c.h; name = Agent.h; path = CellularAutomata/Agent.h; sourceTree = SOURCE_ROOT; };
		2E7EF87B1788776A003F7E08 /* AllObject.h */ = {isa = PBXFileReference; fileEncoding = 4; lastKnownFileType = sourcecode.c.h; name = AllObject.h; path = CellularAutomata/AllObject.h; sourceTree = SOURCE_ROOT; };
		2E7EF87C1788776A003F7E08 /* BaseObject.cpp */ = {isa = PBXFileReference; fileEncoding = 4; lastKnownFileType = sourcecode.cpp.cpp; name = BaseObject.cpp; path = CellularAutomata/BaseObject.cpp; sourceTree = SOURCE_ROOT; };
		2E7EF87D1788776A003F7E08 /* BaseObject.h */ = {isa = PBXFileReference; fileEncoding = 4; lastKnownFileType = sourcecode.c.h; name = BaseObject.h; path = CellularAutomata/BaseObject.h; sourceTree = SOURCE_ROOT; };
		2E7EF87E1788776A003F7E08 /* BaseWallObject.cpp */ = {isa = PBXFileReference; fileEncoding = 4; lastKnownFileType = sourcecode.cpp.cpp; name = BaseWallObject.cpp; path = CellularAutomata/BaseWallObject.cpp; sourceTree = SOURCE_ROOT; };
		2E7EF87F1788776A003F7E08 /* BaseWallObject.h */ = {isa = PBXFileReference; fileEncoding = 4; lastKnownFileType = sourcecode.c.h; name = BaseWallObject.h; path = CellularAutomata/BaseWallObject.h; sourceTree = SOURCE_ROOT; };
		2E7EF8801788776A003F7E08 /* Blackboard.cpp */ = {isa = PBXFileReference; fileEncoding = 4; lastKnownFileType = sourcecode.cpp.cpp; name = Blackboard.cpp; path = CellularAutomata/Blackboard.cpp; sourceTree = SOURCE_ROOT; };
		2E7EF8811788776A003F7E08 /* Blackboard.h */ = {isa = PBXFileReference; fileEncoding = 4; lastKnownFileType = sourcecode.c.h; name = Blackboard.h; path = CellularAutomata/Blackboard.h; sourceTree = SOURCE_ROOT; };
		2E7EF8821788776A003F7E08 /* CellularAutomata.cpp */ = {isa = PBXFileReference; fileEncoding = 4; lastKnownFileType = sourcecode.cpp.cpp; name = CellularAutomata.cpp; path = CellularAutomata/CellularAutomata.cpp; sourceTree = SOURCE_ROOT; };
		2E7EF8831788776A003F7E08 /* CellularAutomata.h */ = {isa = PBXFileReference; fileEncoding = 4; lastKnownFileType = sourcecode.c.h; name = CellularAutomata.h; path = CellularAutomata/CellularAutomata.h; sourceTree = SOURCE_ROOT; };
		2E7EF8841788776A003F7E08 /* HeatObject.cpp */ = {isa = PBXFileReference; fileEncoding = 4; lastKnownFileType = sourcecode.cpp.cpp; name = HeatObject.cpp; path = CellularAutomata/HeatObject.cpp; sourceTree = SOURCE_ROOT; };
		2E7EF8851788776A003F7E08 /* HeatObject.h */ = {isa = PBXFileReference; fileEncoding = 4; lastKnownFileType = sourcecode.c.h; name = HeatObject.h; path = CellularAutomata/HeatObject.h; sourceTree = SOURCE_ROOT; };
		2E7EF8861788776A003F7E08 /* Interface.cpp */ = {isa = PBXFileReference; fileEncoding = 4; lastKnownFileType = sourcecode.cpp.cpp; name = Interface.cpp; path = CellularAutomata/Interface.cpp; sourceTree = SOURCE_ROOT; };
		2E7EF8871788776A003F7E08 /* Interface.h */ = {isa = PBXFileReference; fileEncoding = 4; lastKnownFileType = sourcecode.c.h; name = Interface.h; path = CellularAutomata/Interface.h; sourceTree = SOURCE_ROOT; };
		2E7EF8881788776A003F7E08 /* IPathFinder.h */ = {isa = PBXFileReference; fileEncoding = 4; lastKnownFileType = sourcecode.c.h; name = IPathFinder.h; path = CellularAutomata/IPathFinder.h; sourceTree = SOURCE_ROOT; };
		2E7EF8891788776A003F7E08 /* KeyToAction.cpp */ = {isa = PBXFileReference; fileEncoding = 4; lastKnownFileType = sourcecode.cpp.cpp; name = KeyToAction.cpp; path = CellularAutomata/KeyToAction.cpp; sourceTree = SOURCE_ROOT; };
		2E7EF88A1788776A003F7E08 /* KeyToAction.h */ = {isa = PBXFileReference; fileEncoding = 4; lastKnownFileType = sourcecode.c.h; name = KeyToAction.h; path = CellularAutomata/KeyToAction.h; sourceTree = SOURCE_ROOT; };
		2E7EF88B1788776A003F7E08 /* Link.h */ = {isa = PBXFileReference; fileEncoding = 4; lastKnownFileType = sourcecode.c.h; name = Link.h; path = CellularAutomata/Link.h; sourceTree = SOURCE_ROOT; };
		2E7EF88C1788776A003F7E08 /* LinkPathFinder.cpp */ = {isa = PBXFileReference; fileEncoding = 4; lastKnownFileType = sourcecode.cpp.cpp; name = LinkPathFinder.cpp; path = CellularAutomata/LinkPathFinder.cpp; sourceTree = SOURCE_ROOT; };
		2E7EF88D1788776A003F7E08 /* LinkPathFinder.h */ = {isa = PBXFileReference; fileEncoding = 4; lastKnownFileType = sourcecode.c.h; name = LinkPathFinder.h; path = CellularAutomata/LinkPathFinder.h; sourceTree = SOURCE_ROOT; };
		2E7EF88E1788776A003F7E08 /* main.cpp */ = {isa = PBXFileReference; fileEncoding = 4; lastKnownFileType = sourcecode.cpp.cpp; name = main.cpp; path = CellularAutomata/main.cpp; sourceTree = SOURCE_ROOT; };
		2E7EF88F1788776A003F7E08 /* Messages.cpp */ = {isa = PBXFileReference; fileEncoding = 4; lastKnownFileType = sourcecode.cpp.cpp; name = Messages.cpp; path = CellularAutomata/Messages.cpp; sourceTree = SOURCE_ROOT; };
		2E7EF8901788776A003F7E08 /* Messages.h */ = {isa = PBXFileReference; fileEncoding = 4; lastKnownFileType = sourcecode.c.h; name = Messages.h; path = CellularAutomata/Messages.h; sourceTree = SOURCE_ROOT; };
		2E7EF8911788776A003F7E08 /* Node.h */ = {isa = PBXFileReference; fileEncoding = 4; lastKnownFileType = sourcecode.c.h; name = Node.h; path = CellularAutomata/Node.h; sourceTree = SOURCE_ROOT; };
		2E7EF8921788776A003F7E08 /* ObjectFactory.cpp */ = {isa = PBXFileReference; fileEncoding = 4; lastKnownFileType = sourcecode.cpp.cpp; name = ObjectFactory.cpp; path = CellularAutomata/ObjectFactory.cpp; sourceTree = SOURCE_ROOT; };
		2E7EF8931788776A003F7E08 /* ObjectFactory.h */ = {isa = PBXFileReference; fileEncoding = 4; lastKnownFileType = sourcecode.c.h; name = ObjectFactory.h; path = CellularAutomata/ObjectFactory.h; sourceTree = SOURCE_ROOT; };
		2E7EF8941788776A003F7E08 /* Physics.cpp */ = {isa = PBXFileReference; fileEncoding = 4; lastKnownFileType = sourcecode.cpp.cpp; name = Physics.cpp; path = CellularAutomata/Physics.cpp; sourceTree = SOURCE_ROOT; };
		2E7EF8951788776A003F7E08 /* Physics.h */ = {isa = PBXFileReference; fileEncoding = 4; lastKnownFileType = sourcecode.c.h; name = Physics.h; path = CellularAutomata/Physics.h; sourceTree = SOURCE_ROOT; };
		2E7EF8961788776A003F7E08 /* Probe.cpp */ = {isa = PBXFileReference; fileEncoding = 4; lastKnownFileType = sourcecode.cpp.cpp; name = Probe.cpp; path = CellularAutomata/Probe.cpp; sourceTree = SOURCE_ROOT; };
		2E7EF8971788776A003F7E08 /* Probe.h */ = {isa = PBXFileReference; fileEncoding = 4; lastKnownFileType = sourcecode.c.h; name = Probe.h; path = CellularAutomata/Probe.h; sourceTree = SOURCE_ROOT; };
		2E7EF8981788776A003F7E08 /* ReachabilityCluster.cpp */ = {isa = PBXFileReference; fileEncoding = 4; lastKnownFileType = sourcecode.cpp.cpp; name = ReachabilityCluster.cpp; path = CellularAutomata/ReachabilityCluster.cpp; sourceTree = SOURCE_ROOT; };
		2E7EF8991788776A003F7E08 /* ReachabilityCluster.h */ = {isa = PBXFileReference; fileEncoding = 4; lastKnownFileType = sourcecode.c.h; name = ReachabilityCluster.h; path = CellularAutomata/ReachabilityCluster.h; sourceTree = SOURCE_ROOT; };
		2E7EF89A1788776A003F7E08 /* ReachablePathFind.cpp */ = {isa = PBXFileReference; fileEncoding = 4; lastKnownFileType = sourcecode.cpp.cpp; name = ReachablePathFind.cpp; path = CellularAutomata/ReachablePathFind.cpp; sourceTree = SOURCE_ROOT; };
		2E7EF89B1788776A003F7E08 /* ReachablePathFind.h */ = {isa = PBXFileReference; fileEncoding = 4; lastKnownFileType = sourcecode.c.h; name = ReachablePathFind.h; path = CellularAutomata/ReachablePathFind.h; sourceTree = SOURCE_ROOT; };
		2E7EF89C1788776A003F7E08 /* SMAHeat.cpp */ = {isa = PBXFileReference; fileEncoding = 4; lastKnownFileType = sourcecode.cpp.cpp; name = SMAHeat.cpp; path = CellularAutomata/SMAHeat.cpp; sourceTree = SOURCE_ROOT; };
		2E7EF89D1788776A003F7E08 /* SMAHeat.h */ = {isa = PBXFileReference; fileEncoding = 4; lastKnownFileType = sourcecode.c.h; name = SMAHeat.h; path = CellularAutomata/SMAHeat.h; sourceTree = SOURCE_ROOT; };
		2E7EF89E1788776A003F7E08 /* StoneWallObject.cpp */ = {isa = PBXFileReference; fileEncoding = 4; lastKnownFileType = sourcecode.cpp.cpp; name = StoneWallObject.cpp; path = CellularAutomata/StoneWallObject.cpp; sourceTree = SOURCE_ROOT; };
		2E7EF89F1788776A003F7E08 /* StoneWallObject.h */ = {isa = PBXFileReference; fileEncoding = 4; lastKnownFileType = sourcecode.c.h; name = StoneWallObject.h; path = CellularAutomata/StoneWallObject.h; sourceTree = SOURCE_ROOT; };
		2E7EF8A01788776A003F7E08 /* Utils.h */ = {isa = PBXFileReference; fileEncoding = 4; lastKnownFileType = sourcecode.c.h; name = Utils.h; path = CellularAutomata/Utils.h; sourceTree = SOURCE_ROOT; };
		2E7EF8A11788776A003F7E08 /* WallObject.cpp */ = {isa = PBXFileReference; fileEncoding = 4; lastKnownFileType = sourcecode.cpp.cpp; name = WallObject.cpp; path = CellularAutomata/WallObject.cpp; sourceTree = SOURCE_ROOT; };
		2E7EF8A21788776A003F7E08 /* WallObject.h */ = {isa = PBXFileReference; fileEncoding = 4; lastKnownFileType = sourcecode.c.h; name = WallObject.h; path = CellularAutomata/WallObject.h; sourceTree = SOURCE_ROOT; };
		2E7EF8A31788776A003F7E08 /* WindowObject.cpp */ = {isa = PBXFileReference; fileEncoding = 4; lastKnownFileType = sourcecode.cpp.cpp; name = WindowObject.cpp; path = CellularAutomata/WindowObject.cpp; sourceTree = SOURCE_ROOT; };
		2E7EF8A41788776A003F7E08 /* WindowObject.h */ = {isa = PBXFileReference; fileEncoding = 4; lastKnownFileType = sourcecode.c.h; name = WindowObject.h; path = CellularAutomata/WindowObject.h; sourceTree = SOURCE_ROOT; };
		2E7EF8A51788776A003F7E08 /* World.cpp */ = {isa = PBXFileReference; fileEncoding = 4; lastKnownFileType = sourcecode.cpp.cpp; name = World.cpp; path = CellularAutomata/World.cpp; sourceTree = SOURCE_ROOT; };
		2E7EF8A61788776A003F7E08 /* World.h */ = {isa = PBXFileReference; fileEncoding = 4; lastKnownFileType = sourcecode.c.h; name = World.h; path = CellularAutomata/World.h; sourceTree = SOURCE_ROOT; };
/* End PBXFileReference section */

/* Begin PBXFrameworksBuildPhase section */
		2E73A99B178870F800EB18C9 /* Frameworks */ = {
			isa = PBXFrameworksBuildPhase;
			buildActionMask = 2147483647;
			files = (
			);
			runOnlyForDeploymentPostprocessing = 0;
		};
/* End PBXFrameworksBuildPhase section */

/* Begin PBXGroup section */
		2E73A993178870F800EB18C9 = {
			isa = PBXGroup;
			children = (
				2E73A9A0178870F800EB18C9 /* Simulator */,
				2E73A99E178870F800EB18C9 /* Products */,
			);
			sourceTree = "<group>";
		};
		2E73A99E178870F800EB18C9 /* Products */ = {
			isa = PBXGroup;
			children = (
				2E73A99D178870F800EB18C9 /* Simulator */,
			);
			name = Products;
			sourceTree = "<group>";
		};
		2E73A9A0178870F800EB18C9 /* Simulator */ = {
			isa = PBXGroup;
			children = (
				2E7EF8BC1788B2FD003F7E08 /* Sources */,
				2E7EF8BD1788B310003F7E08 /* Headers */,
				2E73A9A3178870F800EB18C9 /* Resources */,
			);
			path = Simulator;
			sourceTree = "<group>";
		};
		2E73A9A3178870F800EB18C9 /* Resources */ = {
			isa = PBXGroup;
			children = (
			);
			name = Resources;
			sourceTree = "<group>";
		};
		2E7EF8BC1788B2FD003F7E08 /* Sources */ = {
			isa = PBXGroup;
			children = (
				2E7EF8C31788B3B3003F7E08 /* PathFind */,
				2E7EF8C21788B3A3003F7E08 /* SMA */,
				2E7EF8C11788B38D003F7E08 /* Object */,
				2E7EF8821788776A003F7E08 /* CellularAutomata.cpp */,
				2E7EF8861788776A003F7E08 /* Interface.cpp */,
				2E7EF8891788776A003F7E08 /* KeyToAction.cpp */,
				2E7EF88E1788776A003F7E08 /* main.cpp */,
				2E7EF8941788776A003F7E08 /* Physics.cpp */,
				2E7EF8A51788776A003F7E08 /* World.cpp */,
			);
			name = Sources;
			sourceTree = "<group>";
		};
		2E7EF8BD1788B310003F7E08 /* Headers */ = {
			isa = PBXGroup;
			children = (
				2E7EF8C01788B35C003F7E08 /* PathFind */,
				2E7EF8BF1788B34B003F7E08 /* SMA */,
				2E7EF8BE1788B329003F7E08 /* Object */,
				2E7EF8831788776A003F7E08 /* CellularAutomata.h */,
				2E7EF8871788776A003F7E08 /* Interface.h */,
				2E7EF88A1788776A003F7E08 /* KeyToAction.h */,
				2E7EF8951788776A003F7E08 /* Physics.h */,
				2E7EF8A01788776A003F7E08 /* Utils.h */,
				2E7EF8A61788776A003F7E08 /* World.h */,
			);
			name = Headers;
			sourceTree = "<group>";
		};
		2E7EF8BE1788B329003F7E08 /* Object */ = {
			isa = PBXGroup;
			children = (
				2E7EF8931788776A003F7E08 /* ObjectFactory.h */,
				2E7EF87B1788776A003F7E08 /* AllObject.h */,
				2E7EF87D1788776A003F7E08 /* BaseObject.h */,
				2E7EF87F1788776A003F7E08 /* BaseWallObject.h */,
				2E7EF8851788776A003F7E08 /* HeatObject.h */,
				2E7EF8971788776A003F7E08 /* Probe.h */,
				2E7EF89F1788776A003F7E08 /* StoneWallObject.h */,
				2E7EF8A21788776A003F7E08 /* WallObject.h */,
				2E7EF8A41788776A003F7E08 /* WindowObject.h */,
			);
			name = Object;
			sourceTree = "<group>";
		};
		2E7EF8BF1788B34B003F7E08 /* SMA */ = {
			isa = PBXGroup;
			children = (
				2E7EF88B1788776A003F7E08 /* Link.h */,
				2E7EF87A1788776A003F7E08 /* Agent.h */,
				2E7EF8811788776A003F7E08 /* Blackboard.h */,
				2E7EF8901788776A003F7E08 /* Messages.h */,
				2E7EF89D1788776A003F7E08 /* SMAHeat.h */,
			);
			name = SMA;
			sourceTree = "<group>";
		};
		2E7EF8C01788B35C003F7E08 /* PathFind */ = {
			isa = PBXGroup;
			children = (
				2E7EF8881788776A003F7E08 /* IPathFinder.h */,
				2E7EF88D1788776A003F7E08 /* LinkPathFinder.h */,
				2E7EF8911788776A003F7E08 /* Node.h */,
				2E7EF8991788776A003F7E08 /* ReachabilityCluster.h */,
				2E7EF89B1788776A003F7E08 /* ReachablePathFind.h */,
			);
			name = PathFind;
			sourceTree = "<group>";
		};
		2E7EF8C11788B38D003F7E08 /* Object */ = {
			isa = PBXGroup;
			children = (
				2E7EF87C1788776A003F7E08 /* BaseObject.cpp */,
				2E7EF87E1788776A003F7E08 /* BaseWallObject.cpp */,
				2E7EF8841788776A003F7E08 /* HeatObject.cpp */,
				2E7EF8921788776A003F7E08 /* ObjectFactory.cpp */,
				2E7EF8961788776A003F7E08 /* Probe.cpp */,
				2E7EF89E1788776A003F7E08 /* StoneWallObject.cpp */,
				2E7EF8A11788776A003F7E08 /* WallObject.cpp */,
				2E7EF8A31788776A003F7E08 /* WindowObject.cpp */,
			);
			name = Object;
			sourceTree = "<group>";
		};
		2E7EF8C21788B3A3003F7E08 /* SMA */ = {
			isa = PBXGroup;
			children = (
				2E7EF8791788776A003F7E08 /* Agent.cpp */,
				2E7EF8801788776A003F7E08 /* Blackboard.cpp */,
				2E7EF88F1788776A003F7E08 /* Messages.cpp */,
				2E7EF89C1788776A003F7E08 /* SMAHeat.cpp */,
			);
			name = SMA;
			sourceTree = "<group>";
		};
		2E7EF8C31788B3B3003F7E08 /* PathFind */ = {
			isa = PBXGroup;
			children = (
				2E7EF88C1788776A003F7E08 /* LinkPathFinder.cpp */,
				2E7EF8981788776A003F7E08 /* ReachabilityCluster.cpp */,
				2E7EF89A1788776A003F7E08 /* ReachablePathFind.cpp */,
			);
			name = PathFind;
			sourceTree = "<group>";
		};
/* End PBXGroup section */

/* Begin PBXNativeTarget section */
		2E73A99C178870F800EB18C9 /* Simulator */ = {
			isa = PBXNativeTarget;
			buildConfigurationList = 2E73A9AA178870F800EB18C9 /* Build configuration list for PBXNativeTarget "Simulator" */;
			buildPhases = (
				2E73A99A178870F800EB18C9 /* Sources */,
				2E73A99B178870F800EB18C9 /* Frameworks */,
			);
			buildRules = (
			);
			dependencies = (
			);
			name = Simulator;
			productName = Simulator;
			productReference = 2E73A99D178870F800EB18C9 /* Simulator */;
			productType = "com.apple.product-type.tool";
		};
/* End PBXNativeTarget section */

/* Begin PBXProject section */
		2E73A995178870F800EB18C9 /* Project object */ = {
			isa = PBXProject;
			attributes = {
				LastUpgradeCheck = 0450;
				ORGANIZATIONNAME = "Cédric Famin";
			};
			buildConfigurationList = 2E73A998178870F800EB18C9 /* Build configuration list for PBXProject "Simulator" */;
			compatibilityVersion = "Xcode 3.2";
			developmentRegion = English;
			hasScannedForEncodings = 0;
			knownRegions = (
				en,
			);
			mainGroup = 2E73A993178870F800EB18C9;
			productRefGroup = 2E73A99E178870F800EB18C9 /* Products */;
			projectDirPath = "";
			projectRoot = "";
			targets = (
				2E73A99C178870F800EB18C9 /* Simulator */,
			);
		};
/* End PBXProject section */

/* Begin PBXSourcesBuildPhase section */
		2E73A99A178870F800EB18C9 /* Sources */ = {
			isa = PBXSourcesBuildPhase;
			buildActionMask = 2147483647;
			files = (
				2E7EF8A71788776A003F7E08 /* Agent.cpp in Sources */,
				2E7EF8A81788776A003F7E08 /* BaseObject.cpp in Sources */,
				2E7EF8A91788776A003F7E08 /* BaseWallObject.cpp in Sources */,
				2E7EF8AA1788776A003F7E08 /* Blackboard.cpp in Sources */,
				2E7EF8AB1788776A003F7E08 /* CellularAutomata.cpp in Sources */,
				2E7EF8AC1788776A003F7E08 /* HeatObject.cpp in Sources */,
				2E7EF8AD1788776A003F7E08 /* Interface.cpp in Sources */,
				2E7EF8AE1788776A003F7E08 /* KeyToAction.cpp in Sources */,
				2E7EF8AF1788776A003F7E08 /* LinkPathFinder.cpp in Sources */,
				2E7EF8B01788776A003F7E08 /* main.cpp in Sources */,
				2E7EF8B11788776A003F7E08 /* Messages.cpp in Sources */,
				2E7EF8B21788776A003F7E08 /* ObjectFactory.cpp in Sources */,
				2E7EF8B31788776A003F7E08 /* Physics.cpp in Sources */,
				2E7EF8B41788776A003F7E08 /* Probe.cpp in Sources */,
				2E7EF8B51788776A003F7E08 /* ReachabilityCluster.cpp in Sources */,
				2E7EF8B61788776A003F7E08 /* ReachablePathFind.cpp in Sources */,
				2E7EF8B71788776A003F7E08 /* SMAHeat.cpp in Sources */,
				2E7EF8B81788776A003F7E08 /* StoneWallObject.cpp in Sources */,
				2E7EF8B91788776A003F7E08 /* WallObject.cpp in Sources */,
				2E7EF8BA1788776A003F7E08 /* WindowObject.cpp in Sources */,
				2E7EF8BB1788776A003F7E08 /* World.cpp in Sources */,
			);
			runOnlyForDeploymentPostprocessing = 0;
		};
/* End PBXSourcesBuildPhase section */

/* Begin XCBuildConfiguration section */
		2E73A9A8178870F800EB18C9 /* Debug */ = {
			isa = XCBuildConfiguration;
			buildSettings = {
				ARCHS = "$(ARCHS_STANDARD_32_64_BIT)";
				CLANG_CXX_LANGUAGE_STANDARD = "c++0x";
				CLANG_CXX_LIBRARY = "libc++";
				CLANG_WARN_EMPTY_BODY = YES;
				CLANG_WARN__DUPLICATE_METHOD_MATCH = YES;
				FRAMEWORK_SEARCH_PATHS = (
					/Library/Frameworks/,
					"$(inherited)",
				);
				GCC_OPTIMIZATION_LEVEL = 0;
				GCC_PREPROCESSOR_DEFINITIONS = (
					"DEBUG=1",
					"$(inherited)",
				);
				GCC_VERSION = com.apple.compilers.llvm.clang.1_0;
				GCC_WARN_ABOUT_RETURN_TYPE = YES;
				GCC_WARN_UNINITIALIZED_AUTOS = YES;
				GCC_WARN_UNUSED_VARIABLE = YES;
				HEADER_SEARCH_PATHS = (
					/usr/local/include/,
					"$(inherited)",
				);
				LIBRARY_SEARCH_PATHS = (
					/usr/local/lib/,
					"$(inherited)",
				);
				ONLY_ACTIVE_ARCH = NO;
				OTHER_LDFLAGS = (
					"$(inherited)",
					"$(SFML_SYSTEM)",
					"$(SFML_WINDOW)",
					"$(SFML_GRAPHICS)",
					"$(SFML_AUDIO)",
					"$(SFML_NETWORK)",
				);
				SFML_AUDIO = "$(SFML_LINK_PREFIX)sfml-audio$(SFML_LINK_SUFFIX)";
				SFML_BINARY_TYPE = FRAMEWORKS;
				SFML_GRAPHICS = "$(SFML_LINK_PREFIX)sfml-graphics$(SFML_LINK_SUFFIX)";
				SFML_LINK_DYLIBS_PREFIX = "-l";
				SFML_LINK_DYLIBS_SUFFIX = "";
				SFML_LINK_FRAMEWORKS_PREFIX = "-framework ";
				SFML_LINK_FRAMEWORKS_SUFFIX = "";
				SFML_LINK_PREFIX = "$(SFML_LINK_$(SFML_BINARY_TYPE)_PREFIX)";
				SFML_LINK_SUFFIX = "$(SFML_LINK_$(SFML_BINARY_TYPE)_SUFFIX)";
				SFML_NETWORK = "$(SFML_LINK_PREFIX)sfml-network$(SFML_LINK_SUFFIX)";
				SFML_SYSTEM = "$(SFML_LINK_PREFIX)sfml-system$(SFML_LINK_SUFFIX)";
				SFML_WINDOW = "$(SFML_LINK_PREFIX)sfml-window$(SFML_LINK_SUFFIX)";
				SUPPORTED_PLATFORMS = macosx;
			};
			name = Debug;
		};
		2E73A9A9178870F800EB18C9 /* Release */ = {
			isa = XCBuildConfiguration;
			buildSettings = {
				ARCHS = "$(ARCHS_STANDARD_32_64_BIT)";
				CLANG_CXX_LANGUAGE_STANDARD = "c++0x";
				CLANG_CXX_LIBRARY = "libc++";
				CLANG_WARN_EMPTY_BODY = YES;
				CLANG_WARN__DUPLICATE_METHOD_MATCH = YES;
				COPY_PHASE_STRIP = YES;
				FRAMEWORK_SEARCH_PATHS = (
					/Library/Frameworks/,
					"$(inherited)",
				);
				GCC_VERSION = com.apple.compilers.llvm.clang.1_0;
				GCC_WARN_ABOUT_RETURN_TYPE = YES;
				GCC_WARN_UNINITIALIZED_AUTOS = YES;
				GCC_WARN_UNUSED_VARIABLE = YES;
				HEADER_SEARCH_PATHS = (
					/usr/local/include/,
					"$(inherited)",
				);
				LIBRARY_SEARCH_PATHS = (
					/usr/local/lib/,
					"$(inherited)",
				);
				ONLY_ACTIVE_ARCH = NO;
				OTHER_LDFLAGS = (
					"$(inherited)",
					"$(SFML_SYSTEM)",
					"$(SFML_WINDOW)",
					"$(SFML_GRAPHICS)",
					"$(SFML_AUDIO)",
					"$(SFML_NETWORK)",
				);
				SFML_AUDIO = "$(SFML_LINK_PREFIX)sfml-audio$(SFML_LINK_SUFFIX)";
				SFML_BINARY_TYPE = FRAMEWORKS;
				SFML_GRAPHICS = "$(SFML_LINK_PREFIX)sfml-graphics$(SFML_LINK_SUFFIX)";
				SFML_LINK_DYLIBS_PREFIX = "-l";
				SFML_LINK_DYLIBS_SUFFIX = "";
				SFML_LINK_FRAMEWORKS_PREFIX = "-framework ";
				SFML_LINK_FRAMEWORKS_SUFFIX = "";
				SFML_LINK_PREFIX = "$(SFML_LINK_$(SFML_BINARY_TYPE)_PREFIX)";
				SFML_LINK_SUFFIX = "$(SFML_LINK_$(SFML_BINARY_TYPE)_SUFFIX)";
				SFML_NETWORK = "$(SFML_LINK_PREFIX)sfml-network$(SFML_LINK_SUFFIX)";
				SFML_SYSTEM = "$(SFML_LINK_PREFIX)sfml-system$(SFML_LINK_SUFFIX)";
				SFML_WINDOW = "$(SFML_LINK_PREFIX)sfml-window$(SFML_LINK_SUFFIX)";
				SUPPORTED_PLATFORMS = macosx;
			};
			name = Release;
		};
		2E73A9AB178870F800EB18C9 /* Debug */ = {
			isa = XCBuildConfiguration;
			buildSettings = {
				CLANG_CXX_LANGUAGE_STANDARD = "gnu++0x";
				CLANG_CXX_LIBRARY = "libc++";
				HEADER_SEARCH_PATHS = (
					/usr/local/include/,
					"$(inherited)",
					/opt/local/include/,
				);
				LIBRARY_SEARCH_PATHS = (
					"$(inherited)",
					/opt/local/lib,
				);
				MACH_O_TYPE = mh_execute;
				OTHER_LDFLAGS = (
					"$(inherited)",
					"$(SFML_SYSTEM)",
					"$(SFML_WINDOW)",
					"$(SFML_GRAPHICS)",
					"$(SFML_AUDIO)",
					"$(SFML_NETWORK)",
					"-lboost_serialization",
					"-lboost_filesystem",
					"-lboost_system",
					"-lboost_program_options",
				);
				PRODUCT_NAME = "$(TARGET_NAME)";
				VALID_ARCHS = x86_64;
			};
			name = Debug;
		};
		2E73A9AC178870F800EB18C9 /* Release */ = {
			isa = XCBuildConfiguration;
			buildSettings = {
				CLANG_CXX_LANGUAGE_STANDARD = "gnu++0x";
				CLANG_CXX_LIBRARY = "libc++";
				HEADER_SEARCH_PATHS = (
					/usr/local/include/,
					"$(inherited)",
					/opt/local/include/,
				);
				LIBRARY_SEARCH_PATHS = (
					"$(inherited)",
					/opt/local/lib,
				);
				MACH_O_TYPE = mh_execute;
				OTHER_LDFLAGS = (
					"$(inherited)",
					"$(SFML_SYSTEM)",
					"$(SFML_WINDOW)",
					"$(SFML_GRAPHICS)",
					"$(SFML_AUDIO)",
					"$(SFML_NETWORK)",
					"-lboost_serialization",
					"-lboost_filesystem",
					"-lboost_system",
					"-lboost_program_options",
				);
				PRODUCT_NAME = "$(TARGET_NAME)";
				VALID_ARCHS = x86_64;
			};
			name = Release;
		};
/* End XCBuildConfiguration section */

/* Begin XCConfigurationList section */
		2E73A998178870F800EB18C9 /* Build configuration list for PBXProject "Simulator" */ = {
			isa = XCConfigurationList;
			buildConfigurations = (
				2E73A9A8178870F800EB18C9 /* Debug */,
				2E73A9A9178870F800EB18C9 /* Release */,
			);
			defaultConfigurationIsVisible = 0;
			defaultConfigurationName = Release;
		};
		2E73A9AA178870F800EB18C9 /* Build configuration list for PBXNativeTarget "Simulator" */ = {
			isa = XCConfigurationList;
			buildConfigurations = (
				2E73A9AB178870F800EB18C9 /* Debug */,
				2E73A9AC178870F800EB18C9 /* Release */,
			);
			defaultConfigurationIsVisible = 0;
			defaultConfigurationName = Release;
		};
/* End XCConfigurationList section */
	};
	rootObject = 2E73A995178870F800EB18C9 /* Project object */;
}
